
Microsoft Visual Studio Solution File, Format Version 12.00
# Visual Studio Version 17
VisualStudioVersion = 17.10.35122.118
MinimumVisualStudioVersion = 10.0.40219.1
Project("{9A19103F-16F7-4668-BE54-9A1E7A4F7556}") = "JudeAPI", "JudeAPI\JudeAPI\JudeAPI.csproj", "{40E2C402-FED1-4FC9-B424-C40AD2FABC72}"
EndProject
Global
	GlobalSection(SolutionConfigurationPlatforms) = preSolution
		Debug|Any CPU = Debug|Any CPU
		Release|Any CPU = Release|Any CPU
	EndGlobalSection
	GlobalSection(ProjectConfigurationPlatforms) = postSolution
		{40E2C402-FED1-4FC9-B424-C40AD2FABC72}.Debug|Any CPU.ActiveCfg = Debug|Any CPU
		{40E2C402-FED1-4FC9-B424-C40AD2FABC72}.Debug|Any CPU.Build.0 = Debug|Any CPU
		{40E2C402-FED1-4FC9-B424-C40AD2FABC72}.Release|Any CPU.ActiveCfg = Release|Any CPU
		{40E2C402-FED1-4FC9-B424-C40AD2FABC72}.Release|Any CPU.Build.0 = Release|Any CPU
	EndGlobalSection
	GlobalSection(SolutionProperties) = preSolution
		HideSolutionNode = FALSE
	EndGlobalSection
	GlobalSection(ExtensibilityGlobals) = postSolution
		SolutionGuid = {0D0F67B4-4C97-4282-92E8-424CD351FD73}
	EndGlobalSection
EndGlobal
